
Microsoft Visual Studio Solution File, Format Version 12.00
# Visual Studio Version 17
VisualStudioVersion = 17.1.32210.238
MinimumVisualStudioVersion = 10.0.40219.1
Project("{FAE04EC0-301F-11D3-BF4B-00C04F79EFBC}") = "obiz_open_browser", "obiz_open_browser.csproj", "{A32B35D6-C4EC-4AA8-96BC-96B5841728C4}"
EndProject
Global
	GlobalSection(SolutionConfigurationPlatforms) = preSolution
		Debug|Any CPU = Debug|Any CPU
		Release|Any CPU = Release|Any CPU
	EndGlobalSection
	GlobalSection(ProjectConfigurationPlatforms) = postSolution
		{A32B35D6-C4EC-4AA8-96BC-96B5841728C4}.Debug|Any CPU.ActiveCfg = Debug|Any CPU
		{A32B35D6-C4EC-4AA8-96BC-96B5841728C4}.Debug|Any CPU.Build.0 = Debug|Any CPU
		{A32B35D6-C4EC-4AA8-96BC-96B5841728C4}.Release|Any CPU.ActiveCfg = Release|Any CPU
		{A32B35D6-C4EC-4AA8-96BC-96B5841728C4}.Release|Any CPU.Build.0 = Release|Any CPU
	EndGlobalSection
	GlobalSection(SolutionProperties) = preSolution
		HideSolutionNode = FALSE
	EndGlobalSection
	GlobalSection(ExtensibilityGlobals) = postSolution
		SolutionGuid = {7E1C59AC-A77A-400B-B216-EE58D891D793}
	EndGlobalSection
EndGlobal
